// !$*UTF8*$!
{
	archiveVersion = 1;
	classes = {
	};
	objectVersion = 56;
	objects = {

/* Begin PBXBuildFile section */
		241FB48D2BA75AB800D50BA5 /* HomeView.swift in Sources */ = {isa = PBXBuildFile; fileRef = 241FB48C2BA75AB800D50BA5 /* HomeView.swift */; };
		241FB4902BA75ADD00D50BA5 /* HydrationTabView.swift in Sources */ = {isa = PBXBuildFile; fileRef = 241FB48F2BA75ADD00D50BA5 /* HydrationTabView.swift */; };
		241FB4922BA75C5300D50BA5 /* StatisticsView.swift in Sources */ = {isa = PBXBuildFile; fileRef = 241FB4912BA75C5300D50BA5 /* StatisticsView.swift */; };
		24ADA8872BA774670022720F /* HydrationCardView.swift in Sources */ = {isa = PBXBuildFile; fileRef = 24ADA8862BA774670022720F /* HydrationCardView.swift */; };
		24ADA8892BA774A60022720F /* CardType.swift in Sources */ = {isa = PBXBuildFile; fileRef = 24ADA8882BA774A60022720F /* CardType.swift */; };
		24ADA88B2BA774E70022720F /* EditTargetView.swift in Sources */ = {isa = PBXBuildFile; fileRef = 24ADA88A2BA774E70022720F /* EditTargetView.swift */; };
		24ADA88D2BA7750E0022720F /* WaterIntakeRow.swift in Sources */ = {isa = PBXBuildFile; fileRef = 24ADA88C2BA7750E0022720F /* WaterIntakeRow.swift */; };
		24ADA8912BA797D40022720F /* AddWaterIntakeView.swift in Sources */ = {isa = PBXBuildFile; fileRef = 24ADA8902BA797D40022720F /* AddWaterIntakeView.swift */; };
		24BCCE3D2BA2EDEC004957A4 /* HydrationTrackerApp.swift in Sources */ = {isa = PBXBuildFile; fileRef = 24BCCE3C2BA2EDEC004957A4 /* HydrationTrackerApp.swift */; };
		24BCCE412BA2EDEE004957A4 /* Assets.xcassets in Resources */ = {isa = PBXBuildFile; fileRef = 24BCCE402BA2EDEE004957A4 /* Assets.xcassets */; };
		24BCCE442BA2EDEE004957A4 /* Preview Assets.xcassets in Resources */ = {isa = PBXBuildFile; fileRef = 24BCCE432BA2EDEE004957A4 /* Preview Assets.xcassets */; };
		24BCCE4E2BA2EDEE004957A4 /* HydrationTrackerTests.swift in Sources */ = {isa = PBXBuildFile; fileRef = 24BCCE4D2BA2EDEE004957A4 /* HydrationTrackerTests.swift */; };
		24BCCE582BA2EDEE004957A4 /* HydrationTrackerUITests.swift in Sources */ = {isa = PBXBuildFile; fileRef = 24BCCE572BA2EDEE004957A4 /* HydrationTrackerUITests.swift */; };
		24BCCE5A2BA2EDEE004957A4 /* HydrationTrackerUITestsLaunchTests.swift in Sources */ = {isa = PBXBuildFile; fileRef = 24BCCE592BA2EDEE004957A4 /* HydrationTrackerUITestsLaunchTests.swift */; };
		24C823242BA815F300F23153 /* HydrationModel.xcdatamodeld in Sources */ = {isa = PBXBuildFile; fileRef = 24C823222BA815F300F23153 /* HydrationModel.xcdatamodeld */; };
		24C823272BA8176200F23153 /* CoreDataManager.swift in Sources */ = {isa = PBXBuildFile; fileRef = 24C823262BA8176200F23153 /* CoreDataManager.swift */; };
		24DC0DEA2BA885280055FCA0 /* HomeViewModel.swift in Sources */ = {isa = PBXBuildFile; fileRef = 24DC0DE92BA885280055FCA0 /* HomeViewModel.swift */; };
		24DC0DF32BA895D20055FCA0 /* StatisticsViewModel.swift in Sources */ = {isa = PBXBuildFile; fileRef = 24DC0DF22BA895D20055FCA0 /* StatisticsViewModel.swift */; };
		24DC0DF62BA89C5F0055FCA0 /* Lottie in Frameworks */ = {isa = PBXBuildFile; productRef = 24DC0DF52BA89C5F0055FCA0 /* Lottie */; };
		24DC0DFA2BA89CCD0055FCA0 /* NoItemsPresent.json in Resources */ = {isa = PBXBuildFile; fileRef = 24DC0DF82BA89CCD0055FCA0 /* NoItemsPresent.json */; };
		24DC0DFB2BA89CCD0055FCA0 /* NoDataFound.json in Resources */ = {isa = PBXBuildFile; fileRef = 24DC0DF92BA89CCD0055FCA0 /* NoDataFound.json */; };
		24DC0DFD2BA89CEE0055FCA0 /* AddLottieView.swift in Sources */ = {isa = PBXBuildFile; fileRef = 24DC0DFC2BA89CEE0055FCA0 /* AddLottieView.swift */; };
		24DC0DFF2BA89F3C0055FCA0 /* BarChartActivityView.swift in Sources */ = {isa = PBXBuildFile; fileRef = 24DC0DFE2BA89F3C0055FCA0 /* BarChartActivityView.swift */; };
		24DC0E012BA8A4D40055FCA0 /* StatisticsCardView.swift in Sources */ = {isa = PBXBuildFile; fileRef = 24DC0E002BA8A4D40055FCA0 /* StatisticsCardView.swift */; };
/* End PBXBuildFile section */

/* Begin PBXContainerItemProxy section */
		24BCCE4A2BA2EDEE004957A4 /* PBXContainerItemProxy */ = {
			isa = PBXContainerItemProxy;
			containerPortal = 24BCCE312BA2EDEC004957A4 /* Project object */;
			proxyType = 1;
			remoteGlobalIDString = 24BCCE382BA2EDEC004957A4;
			remoteInfo = HydrationTracker;
		};
		24BCCE542BA2EDEE004957A4 /* PBXContainerItemProxy */ = {
			isa = PBXContainerItemProxy;
			containerPortal = 24BCCE312BA2EDEC004957A4 /* Project object */;
			proxyType = 1;
			remoteGlobalIDString = 24BCCE382BA2EDEC004957A4;
			remoteInfo = HydrationTracker;
		};
/* End PBXContainerItemProxy section */

/* Begin PBXFileReference section */
		241FB48C2BA75AB800D50BA5 /* HomeView.swift */ = {isa = PBXFileReference; lastKnownFileType = sourcecode.swift; path = HomeView.swift; sourceTree = "<group>"; };
		241FB48F2BA75ADD00D50BA5 /* HydrationTabView.swift */ = {isa = PBXFileReference; lastKnownFileType = sourcecode.swift; path = HydrationTabView.swift; sourceTree = "<group>"; };
		241FB4912BA75C5300D50BA5 /* StatisticsView.swift */ = {isa = PBXFileReference; lastKnownFileType = sourcecode.swift; path = StatisticsView.swift; sourceTree = "<group>"; };
		24ADA8862BA774670022720F /* HydrationCardView.swift */ = {isa = PBXFileReference; lastKnownFileType = sourcecode.swift; path = HydrationCardView.swift; sourceTree = "<group>"; };
		24ADA8882BA774A60022720F /* CardType.swift */ = {isa = PBXFileReference; lastKnownFileType = sourcecode.swift; path = CardType.swift; sourceTree = "<group>"; };
		24ADA88A2BA774E70022720F /* EditTargetView.swift */ = {isa = PBXFileReference; lastKnownFileType = sourcecode.swift; path = EditTargetView.swift; sourceTree = "<group>"; };
		24ADA88C2BA7750E0022720F /* WaterIntakeRow.swift */ = {isa = PBXFileReference; lastKnownFileType = sourcecode.swift; path = WaterIntakeRow.swift; sourceTree = "<group>"; };
		24ADA8902BA797D40022720F /* AddWaterIntakeView.swift */ = {isa = PBXFileReference; lastKnownFileType = sourcecode.swift; path = AddWaterIntakeView.swift; sourceTree = "<group>"; };
		24BCCE392BA2EDEC004957A4 /* HydrationTracker.app */ = {isa = PBXFileReference; explicitFileType = wrapper.application; includeInIndex = 0; path = HydrationTracker.app; sourceTree = BUILT_PRODUCTS_DIR; };
		24BCCE3C2BA2EDEC004957A4 /* HydrationTrackerApp.swift */ = {isa = PBXFileReference; lastKnownFileType = sourcecode.swift; path = HydrationTrackerApp.swift; sourceTree = "<group>"; };
		24BCCE402BA2EDEE004957A4 /* Assets.xcassets */ = {isa = PBXFileReference; lastKnownFileType = folder.assetcatalog; path = Assets.xcassets; sourceTree = "<group>"; };
		24BCCE432BA2EDEE004957A4 /* Preview Assets.xcassets */ = {isa = PBXFileReference; lastKnownFileType = folder.assetcatalog; path = "Preview Assets.xcassets"; sourceTree = "<group>"; };
		24BCCE492BA2EDEE004957A4 /* HydrationTrackerTests.xctest */ = {isa = PBXFileReference; explicitFileType = wrapper.cfbundle; includeInIndex = 0; path = HydrationTrackerTests.xctest; sourceTree = BUILT_PRODUCTS_DIR; };
		24BCCE4D2BA2EDEE004957A4 /* HydrationTrackerTests.swift */ = {isa = PBXFileReference; lastKnownFileType = sourcecode.swift; path = HydrationTrackerTests.swift; sourceTree = "<group>"; };
		24BCCE532BA2EDEE004957A4 /* HydrationTrackerUITests.xctest */ = {isa = PBXFileReference; explicitFileType = wrapper.cfbundle; includeInIndex = 0; path = HydrationTrackerUITests.xctest; sourceTree = BUILT_PRODUCTS_DIR; };
		24BCCE572BA2EDEE004957A4 /* HydrationTrackerUITests.swift */ = {isa = PBXFileReference; lastKnownFileType = sourcecode.swift; path = HydrationTrackerUITests.swift; sourceTree = "<group>"; };
		24BCCE592BA2EDEE004957A4 /* HydrationTrackerUITestsLaunchTests.swift */ = {isa = PBXFileReference; lastKnownFileType = sourcecode.swift; path = HydrationTrackerUITestsLaunchTests.swift; sourceTree = "<group>"; };
		24C823232BA815F300F23153 /* HydrationModel.xcdatamodel */ = {isa = PBXFileReference; lastKnownFileType = wrapper.xcdatamodel; path = HydrationModel.xcdatamodel; sourceTree = "<group>"; };
		24C823262BA8176200F23153 /* CoreDataManager.swift */ = {isa = PBXFileReference; lastKnownFileType = sourcecode.swift; path = CoreDataManager.swift; sourceTree = "<group>"; };
		24DC0DE92BA885280055FCA0 /* HomeViewModel.swift */ = {isa = PBXFileReference; lastKnownFileType = sourcecode.swift; path = HomeViewModel.swift; sourceTree = "<group>"; };
		24DC0DF22BA895D20055FCA0 /* StatisticsViewModel.swift */ = {isa = PBXFileReference; lastKnownFileType = sourcecode.swift; path = StatisticsViewModel.swift; sourceTree = "<group>"; };
		24DC0DF82BA89CCD0055FCA0 /* NoItemsPresent.json */ = {isa = PBXFileReference; fileEncoding = 4; lastKnownFileType = text.json; name = NoItemsPresent.json; path = ../../../NoItemsPresent.json; sourceTree = "<group>"; };
		24DC0DF92BA89CCD0055FCA0 /* NoDataFound.json */ = {isa = PBXFileReference; fileEncoding = 4; lastKnownFileType = text.json; name = NoDataFound.json; path = ../../../NoDataFound.json; sourceTree = "<group>"; };
		24DC0DFC2BA89CEE0055FCA0 /* AddLottieView.swift */ = {isa = PBXFileReference; lastKnownFileType = sourcecode.swift; path = AddLottieView.swift; sourceTree = "<group>"; };
		24DC0DFE2BA89F3C0055FCA0 /* BarChartActivityView.swift */ = {isa = PBXFileReference; lastKnownFileType = sourcecode.swift; path = BarChartActivityView.swift; sourceTree = "<group>"; };
		24DC0E002BA8A4D40055FCA0 /* StatisticsCardView.swift */ = {isa = PBXFileReference; lastKnownFileType = sourcecode.swift; path = StatisticsCardView.swift; sourceTree = "<group>"; };
/* End PBXFileReference section */

/* Begin PBXFrameworksBuildPhase section */
		24BCCE362BA2EDEC004957A4 /* Frameworks */ = {
			isa = PBXFrameworksBuildPhase;
			buildActionMask = 2147483647;
			files = (
				24DC0DF62BA89C5F0055FCA0 /* Lottie in Frameworks */,
			);
			runOnlyForDeploymentPostprocessing = 0;
		};
		24BCCE462BA2EDEE004957A4 /* Frameworks */ = {
			isa = PBXFrameworksBuildPhase;
			buildActionMask = 2147483647;
			files = (
			);
			runOnlyForDeploymentPostprocessing = 0;
		};
		24BCCE502BA2EDEE004957A4 /* Frameworks */ = {
			isa = PBXFrameworksBuildPhase;
			buildActionMask = 2147483647;
			files = (
			);
			runOnlyForDeploymentPostprocessing = 0;
		};
/* End PBXFrameworksBuildPhase section */

/* Begin PBXGroup section */
		241FB48E2BA75ABF00D50BA5 /* View */ = {
			isa = PBXGroup;
			children = (
				241FB48C2BA75AB800D50BA5 /* HomeView.swift */,
				24ADA8862BA774670022720F /* HydrationCardView.swift */,
				24ADA88A2BA774E70022720F /* EditTargetView.swift */,
				24ADA8902BA797D40022720F /* AddWaterIntakeView.swift */,
				24ADA88C2BA7750E0022720F /* WaterIntakeRow.swift */,
			);
			path = View;
			sourceTree = "<group>";
		};
		24BCCE302BA2EDEC004957A4 = {
			isa = PBXGroup;
			children = (
				24BCCE3B2BA2EDEC004957A4 /* HydrationTracker */,
				24DC0DF72BA89C7C0055FCA0 /* SupportingFiles */,
				24BCCE4C2BA2EDEE004957A4 /* HydrationTrackerTests */,
				24BCCE562BA2EDEE004957A4 /* HydrationTrackerUITests */,
				24BCCE3A2BA2EDEC004957A4 /* Products */,
			);
			sourceTree = "<group>";
		};
		24BCCE3A2BA2EDEC004957A4 /* Products */ = {
			isa = PBXGroup;
			children = (
				24BCCE392BA2EDEC004957A4 /* HydrationTracker.app */,
				24BCCE492BA2EDEE004957A4 /* HydrationTrackerTests.xctest */,
				24BCCE532BA2EDEE004957A4 /* HydrationTrackerUITests.xctest */,
			);
			name = Products;
			sourceTree = "<group>";
		};
		24BCCE3B2BA2EDEC004957A4 /* HydrationTracker */ = {
			isa = PBXGroup;
			children = (
				24BCCE3C2BA2EDEC004957A4 /* HydrationTrackerApp.swift */,
				24DC0DED2BA886890055FCA0 /* HydrationTabView */,
				24DC0DEB2BA886390055FCA0 /* HomeView */,
				24DC0DEC2BA8867A0055FCA0 /* StatisticsView */,
				24C823252BA8174900F23153 /* Manager */,
				24BCCE402BA2EDEE004957A4 /* Assets.xcassets */,
				24BCCE422BA2EDEE004957A4 /* Preview Content */,
				24C823222BA815F300F23153 /* HydrationModel.xcdatamodeld */,
			);
			path = HydrationTracker;
			sourceTree = "<group>";
		};
		24BCCE422BA2EDEE004957A4 /* Preview Content */ = {
			isa = PBXGroup;
			children = (
				24BCCE432BA2EDEE004957A4 /* Preview Assets.xcassets */,
			);
			path = "Preview Content";
			sourceTree = "<group>";
		};
		24BCCE4C2BA2EDEE004957A4 /* HydrationTrackerTests */ = {
			isa = PBXGroup;
			children = (
				24BCCE4D2BA2EDEE004957A4 /* HydrationTrackerTests.swift */,
			);
			path = HydrationTrackerTests;
			sourceTree = "<group>";
		};
		24BCCE562BA2EDEE004957A4 /* HydrationTrackerUITests */ = {
			isa = PBXGroup;
			children = (
				24BCCE572BA2EDEE004957A4 /* HydrationTrackerUITests.swift */,
				24BCCE592BA2EDEE004957A4 /* HydrationTrackerUITestsLaunchTests.swift */,
			);
			path = HydrationTrackerUITests;
			sourceTree = "<group>";
		};
		24C823252BA8174900F23153 /* Manager */ = {
			isa = PBXGroup;
			children = (
				24C823262BA8176200F23153 /* CoreDataManager.swift */,
			);
			path = Manager;
			sourceTree = "<group>";
		};
		24DC0DE82BA885080055FCA0 /* Viewodel */ = {
			isa = PBXGroup;
			children = (
				24DC0DE92BA885280055FCA0 /* HomeViewModel.swift */,
			);
			path = Viewodel;
			sourceTree = "<group>";
		};
		24DC0DEB2BA886390055FCA0 /* HomeView */ = {
			isa = PBXGroup;
			children = (
				24ADA8882BA774A60022720F /* CardType.swift */,
				24DC0DE82BA885080055FCA0 /* Viewodel */,
				241FB48E2BA75ABF00D50BA5 /* View */,
			);
			path = HomeView;
			sourceTree = "<group>";
		};
		24DC0DEC2BA8867A0055FCA0 /* StatisticsView */ = {
			isa = PBXGroup;
			children = (
				24DC0DF12BA895BF0055FCA0 /* ViewModel */,
				24DC0DF02BA895BA0055FCA0 /* View */,
			);
			path = StatisticsView;
			sourceTree = "<group>";
		};
		24DC0DED2BA886890055FCA0 /* HydrationTabView */ = {
			isa = PBXGroup;
			children = (
				241FB48F2BA75ADD00D50BA5 /* HydrationTabView.swift */,
			);
			path = HydrationTabView;
			sourceTree = "<group>";
		};
		24DC0DF02BA895BA0055FCA0 /* View */ = {
			isa = PBXGroup;
			children = (
				24DC0DFC2BA89CEE0055FCA0 /* AddLottieView.swift */,
				241FB4912BA75C5300D50BA5 /* StatisticsView.swift */,
				24DC0DFE2BA89F3C0055FCA0 /* BarChartActivityView.swift */,
				24DC0E002BA8A4D40055FCA0 /* StatisticsCardView.swift */,
			);
			path = View;
			sourceTree = "<group>";
		};
		24DC0DF12BA895BF0055FCA0 /* ViewModel */ = {
			isa = PBXGroup;
			children = (
				24DC0DF22BA895D20055FCA0 /* StatisticsViewModel.swift */,
			);
			path = ViewModel;
			sourceTree = "<group>";
		};
		24DC0DF72BA89C7C0055FCA0 /* SupportingFiles */ = {
			isa = PBXGroup;
			children = (
				24DC0DF92BA89CCD0055FCA0 /* NoDataFound.json */,
				24DC0DF82BA89CCD0055FCA0 /* NoItemsPresent.json */,
			);
			path = SupportingFiles;
			sourceTree = "<group>";
		};
/* End PBXGroup section */

/* Begin PBXNativeTarget section */
		24BCCE382BA2EDEC004957A4 /* HydrationTracker */ = {
			isa = PBXNativeTarget;
			buildConfigurationList = 24BCCE5D2BA2EDEE004957A4 /* Build configuration list for PBXNativeTarget "HydrationTracker" */;
			buildPhases = (
				24BCCE352BA2EDEC004957A4 /* Sources */,
				24BCCE362BA2EDEC004957A4 /* Frameworks */,
				24BCCE372BA2EDEC004957A4 /* Resources */,
			);
			buildRules = (
			);
			dependencies = (
			);
			name = HydrationTracker;
			packageProductDependencies = (
				24DC0DF52BA89C5F0055FCA0 /* Lottie */,
			);
			productName = HydrationTracker;
			productReference = 24BCCE392BA2EDEC004957A4 /* HydrationTracker.app */;
			productType = "com.apple.product-type.application";
		};
		24BCCE482BA2EDEE004957A4 /* HydrationTrackerTests */ = {
			isa = PBXNativeTarget;
			buildConfigurationList = 24BCCE602BA2EDEE004957A4 /* Build configuration list for PBXNativeTarget "HydrationTrackerTests" */;
			buildPhases = (
				24BCCE452BA2EDEE004957A4 /* Sources */,
				24BCCE462BA2EDEE004957A4 /* Frameworks */,
				24BCCE472BA2EDEE004957A4 /* Resources */,
			);
			buildRules = (
			);
			dependencies = (
				24BCCE4B2BA2EDEE004957A4 /* PBXTargetDependency */,
			);
			name = HydrationTrackerTests;
			productName = HydrationTrackerTests;
			productReference = 24BCCE492BA2EDEE004957A4 /* HydrationTrackerTests.xctest */;
			productType = "com.apple.product-type.bundle.unit-test";
		};
		24BCCE522BA2EDEE004957A4 /* HydrationTrackerUITests */ = {
			isa = PBXNativeTarget;
			buildConfigurationList = 24BCCE632BA2EDEE004957A4 /* Build configuration list for PBXNativeTarget "HydrationTrackerUITests" */;
			buildPhases = (
				24BCCE4F2BA2EDEE004957A4 /* Sources */,
				24BCCE502BA2EDEE004957A4 /* Frameworks */,
				24BCCE512BA2EDEE004957A4 /* Resources */,
			);
			buildRules = (
			);
			dependencies = (
				24BCCE552BA2EDEE004957A4 /* PBXTargetDependency */,
			);
			name = HydrationTrackerUITests;
			productName = HydrationTrackerUITests;
			productReference = 24BCCE532BA2EDEE004957A4 /* HydrationTrackerUITests.xctest */;
			productType = "com.apple.product-type.bundle.ui-testing";
		};
/* End PBXNativeTarget section */

/* Begin PBXProject section */
		24BCCE312BA2EDEC004957A4 /* Project object */ = {
			isa = PBXProject;
			attributes = {
				BuildIndependentTargetsInParallel = 1;
				LastSwiftUpdateCheck = 1520;
				LastUpgradeCheck = 1520;
				TargetAttributes = {
					24BCCE382BA2EDEC004957A4 = {
						CreatedOnToolsVersion = 15.2;
					};
					24BCCE482BA2EDEE004957A4 = {
						CreatedOnToolsVersion = 15.2;
						TestTargetID = 24BCCE382BA2EDEC004957A4;
					};
					24BCCE522BA2EDEE004957A4 = {
						CreatedOnToolsVersion = 15.2;
						TestTargetID = 24BCCE382BA2EDEC004957A4;
					};
				};
			};
			buildConfigurationList = 24BCCE342BA2EDEC004957A4 /* Build configuration list for PBXProject "HydrationTracker" */;
			compatibilityVersion = "Xcode 14.0";
			developmentRegion = en;
			hasScannedForEncodings = 0;
			knownRegions = (
				en,
				Base,
			);
			mainGroup = 24BCCE302BA2EDEC004957A4;
			packageReferences = (
				24DC0DF42BA89C5F0055FCA0 /* XCRemoteSwiftPackageReference "lottie-ios" */,
			);
			productRefGroup = 24BCCE3A2BA2EDEC004957A4 /* Products */;
			projectDirPath = "";
			projectRoot = "";
			targets = (
				24BCCE382BA2EDEC004957A4 /* HydrationTracker */,
				24BCCE482BA2EDEE004957A4 /* HydrationTrackerTests */,
				24BCCE522BA2EDEE004957A4 /* HydrationTrackerUITests */,
			);
		};
/* End PBXProject section */

/* Begin PBXResourcesBuildPhase section */
		24BCCE372BA2EDEC004957A4 /* Resources */ = {
			isa = PBXResourcesBuildPhase;
			buildActionMask = 2147483647;
			files = (
				24DC0DFA2BA89CCD0055FCA0 /* NoItemsPresent.json in Resources */,
				24BCCE442BA2EDEE004957A4 /* Preview Assets.xcassets in Resources */,
				24BCCE412BA2EDEE004957A4 /* Assets.xcassets in Resources */,
				24DC0DFB2BA89CCD0055FCA0 /* NoDataFound.json in Resources */,
			);
			runOnlyForDeploymentPostprocessing = 0;
		};
		24BCCE472BA2EDEE004957A4 /* Resources */ = {
			isa = PBXResourcesBuildPhase;
			buildActionMask = 2147483647;
			files = (
			);
			runOnlyForDeploymentPostprocessing = 0;
		};
		24BCCE512BA2EDEE004957A4 /* Resources */ = {
			isa = PBXResourcesBuildPhase;
			buildActionMask = 2147483647;
			files = (
			);
			runOnlyForDeploymentPostprocessing = 0;
		};
/* End PBXResourcesBuildPhase section */

/* Begin PBXSourcesBuildPhase section */
		24BCCE352BA2EDEC004957A4 /* Sources */ = {
			isa = PBXSourcesBuildPhase;
			buildActionMask = 2147483647;
			files = (
				241FB48D2BA75AB800D50BA5 /* HomeView.swift in Sources */,
				24DC0DFD2BA89CEE0055FCA0 /* AddLottieView.swift in Sources */,
				241FB4922BA75C5300D50BA5 /* StatisticsView.swift in Sources */,
				24DC0E012BA8A4D40055FCA0 /* StatisticsCardView.swift in Sources */,
				24ADA8892BA774A60022720F /* CardType.swift in Sources */,
				24DC0DF32BA895D20055FCA0 /* StatisticsViewModel.swift in Sources */,
				241FB4902BA75ADD00D50BA5 /* HydrationTabView.swift in Sources */,
				24BCCE3D2BA2EDEC004957A4 /* HydrationTrackerApp.swift in Sources */,
				24C823272BA8176200F23153 /* CoreDataManager.swift in Sources */,
				24ADA8912BA797D40022720F /* AddWaterIntakeView.swift in Sources */,
				24DC0DEA2BA885280055FCA0 /* HomeViewModel.swift in Sources */,
				24ADA8872BA774670022720F /* HydrationCardView.swift in Sources */,
				24DC0DFF2BA89F3C0055FCA0 /* BarChartActivityView.swift in Sources */,
				24ADA88B2BA774E70022720F /* EditTargetView.swift in Sources */,
				24C823242BA815F300F23153 /* HydrationModel.xcdatamodeld in Sources */,
				24ADA88D2BA7750E0022720F /* WaterIntakeRow.swift in Sources */,
			);
			runOnlyForDeploymentPostprocessing = 0;
		};
		24BCCE452BA2EDEE004957A4 /* Sources */ = {
			isa = PBXSourcesBuildPhase;
			buildActionMask = 2147483647;
			files = (
				24BCCE4E2BA2EDEE004957A4 /* HydrationTrackerTests.swift in Sources */,
			);
			runOnlyForDeploymentPostprocessing = 0;
		};
		24BCCE4F2BA2EDEE004957A4 /* Sources */ = {
			isa = PBXSourcesBuildPhase;
			buildActionMask = 2147483647;
			files = (
				24BCCE5A2BA2EDEE004957A4 /* HydrationTrackerUITestsLaunchTests.swift in Sources */,
				24BCCE582BA2EDEE004957A4 /* HydrationTrackerUITests.swift in Sources */,
			);
			runOnlyForDeploymentPostprocessing = 0;
		};
/* End PBXSourcesBuildPhase section */

/* Begin PBXTargetDependency section */
		24BCCE4B2BA2EDEE004957A4 /* PBXTargetDependency */ = {
			isa = PBXTargetDependency;
			target = 24BCCE382BA2EDEC004957A4 /* HydrationTracker */;
			targetProxy = 24BCCE4A2BA2EDEE004957A4 /* PBXContainerItemProxy */;
		};
		24BCCE552BA2EDEE004957A4 /* PBXTargetDependency */ = {
			isa = PBXTargetDependency;
			target = 24BCCE382BA2EDEC004957A4 /* HydrationTracker */;
			targetProxy = 24BCCE542BA2EDEE004957A4 /* PBXContainerItemProxy */;
		};
/* End PBXTargetDependency section */

/* Begin XCBuildConfiguration section */
		24BCCE5B2BA2EDEE004957A4 /* Debug */ = {
			isa = XCBuildConfiguration;
			buildSettings = {
				ALWAYS_SEARCH_USER_PATHS = NO;
				ASSETCATALOG_COMPILER_GENERATE_SWIFT_ASSET_SYMBOL_EXTENSIONS = YES;
				CLANG_ANALYZER_NONNULL = YES;
				CLANG_ANALYZER_NUMBER_OBJECT_CONVERSION = YES_AGGRESSIVE;
				CLANG_CXX_LANGUAGE_STANDARD = "gnu++20";
				CLANG_ENABLE_MODULES = YES;
				CLANG_ENABLE_OBJC_ARC = YES;
				CLANG_ENABLE_OBJC_WEAK = YES;
				CLANG_WARN_BLOCK_CAPTURE_AUTORELEASING = YES;
				CLANG_WARN_BOOL_CONVERSION = YES;
				CLANG_WARN_COMMA = YES;
				CLANG_WARN_CONSTANT_CONVERSION = YES;
				CLANG_WARN_DEPRECATED_OBJC_IMPLEMENTATIONS = YES;
				CLANG_WARN_DIRECT_OBJC_ISA_USAGE = YES_ERROR;
				CLANG_WARN_DOCUMENTATION_COMMENTS = YES;
				CLANG_WARN_EMPTY_BODY = YES;
				CLANG_WARN_ENUM_CONVERSION = YES;
				CLANG_WARN_INFINITE_RECURSION = YES;
				CLANG_WARN_INT_CONVERSION = YES;
				CLANG_WARN_NON_LITERAL_NULL_CONVERSION = YES;
				CLANG_WARN_OBJC_IMPLICIT_RETAIN_SELF = YES;
				CLANG_WARN_OBJC_LITERAL_CONVERSION = YES;
				CLANG_WARN_OBJC_ROOT_CLASS = YES_ERROR;
				CLANG_WARN_QUOTED_INCLUDE_IN_FRAMEWORK_HEADER = YES;
				CLANG_WARN_RANGE_LOOP_ANALYSIS = YES;
				CLANG_WARN_STRICT_PROTOTYPES = YES;
				CLANG_WARN_SUSPICIOUS_MOVE = YES;
				CLANG_WARN_UNGUARDED_AVAILABILITY = YES_AGGRESSIVE;
				CLANG_WARN_UNREACHABLE_CODE = YES;
				CLANG_WARN__DUPLICATE_METHOD_MATCH = YES;
				COPY_PHASE_STRIP = NO;
				DEBUG_INFORMATION_FORMAT = dwarf;
				ENABLE_STRICT_OBJC_MSGSEND = YES;
				ENABLE_TESTABILITY = YES;
				ENABLE_USER_SCRIPT_SANDBOXING = YES;
				GCC_C_LANGUAGE_STANDARD = gnu17;
				GCC_DYNAMIC_NO_PIC = NO;
				GCC_NO_COMMON_BLOCKS = YES;
				GCC_OPTIMIZATION_LEVEL = 0;
				GCC_PREPROCESSOR_DEFINITIONS = (
					"DEBUG=1",
					"$(inherited)",
				);
				GCC_WARN_64_TO_32_BIT_CONVERSION = YES;
				GCC_WARN_ABOUT_RETURN_TYPE = YES_ERROR;
				GCC_WARN_UNDECLARED_SELECTOR = YES;
				GCC_WARN_UNINITIALIZED_AUTOS = YES_AGGRESSIVE;
				GCC_WARN_UNUSED_FUNCTION = YES;
				GCC_WARN_UNUSED_VARIABLE = YES;
				IPHONEOS_DEPLOYMENT_TARGET = 17.2;
				LOCALIZATION_PREFERS_STRING_CATALOGS = YES;
				MTL_ENABLE_DEBUG_INFO = INCLUDE_SOURCE;
				MTL_FAST_MATH = YES;
				ONLY_ACTIVE_ARCH = YES;
				SDKROOT = iphoneos;
				SWIFT_ACTIVE_COMPILATION_CONDITIONS = "DEBUG $(inherited)";
				SWIFT_OPTIMIZATION_LEVEL = "-Onone";
			};
			name = Debug;
		};
		24BCCE5C2BA2EDEE004957A4 /* Release */ = {
			isa = XCBuildConfiguration;
			buildSettings = {
				ALWAYS_SEARCH_USER_PATHS = NO;
				ASSETCATALOG_COMPILER_GENERATE_SWIFT_ASSET_SYMBOL_EXTENSIONS = YES;
				CLANG_ANALYZER_NONNULL = YES;
				CLANG_ANALYZER_NUMBER_OBJECT_CONVERSION = YES_AGGRESSIVE;
				CLANG_CXX_LANGUAGE_STANDARD = "gnu++20";
				CLANG_ENABLE_MODULES = YES;
				CLANG_ENABLE_OBJC_ARC = YES;
				CLANG_ENABLE_OBJC_WEAK = YES;
				CLANG_WARN_BLOCK_CAPTURE_AUTORELEASING = YES;
				CLANG_WARN_BOOL_CONVERSION = YES;
				CLANG_WARN_COMMA = YES;
				CLANG_WARN_CONSTANT_CONVERSION = YES;
				CLANG_WARN_DEPRECATED_OBJC_IMPLEMENTATIONS = YES;
				CLANG_WARN_DIRECT_OBJC_ISA_USAGE = YES_ERROR;
				CLANG_WARN_DOCUMENTATION_COMMENTS = YES;
				CLANG_WARN_EMPTY_BODY = YES;
				CLANG_WARN_ENUM_CONVERSION = YES;
				CLANG_WARN_INFINITE_RECURSION = YES;
				CLANG_WARN_INT_CONVERSION = YES;
				CLANG_WARN_NON_LITERAL_NULL_CONVERSION = YES;
				CLANG_WARN_OBJC_IMPLICIT_RETAIN_SELF = YES;
				CLANG_WARN_OBJC_LITERAL_CONVERSION = YES;
				CLANG_WARN_OBJC_ROOT_CLASS = YES_ERROR;
				CLANG_WARN_QUOTED_INCLUDE_IN_FRAMEWORK_HEADER = YES;
				CLANG_WARN_RANGE_LOOP_ANALYSIS = YES;
				CLANG_WARN_STRICT_PROTOTYPES = YES;
				CLANG_WARN_SUSPICIOUS_MOVE = YES;
				CLANG_WARN_UNGUARDED_AVAILABILITY = YES_AGGRESSIVE;
				CLANG_WARN_UNREACHABLE_CODE = YES;
				CLANG_WARN__DUPLICATE_METHOD_MATCH = YES;
				COPY_PHASE_STRIP = NO;
				DEBUG_INFORMATION_FORMAT = "dwarf-with-dsym";
				ENABLE_NS_ASSERTIONS = NO;
				ENABLE_STRICT_OBJC_MSGSEND = YES;
				ENABLE_USER_SCRIPT_SANDBOXING = YES;
				GCC_C_LANGUAGE_STANDARD = gnu17;
				GCC_NO_COMMON_BLOCKS = YES;
				GCC_WARN_64_TO_32_BIT_CONVERSION = YES;
				GCC_WARN_ABOUT_RETURN_TYPE = YES_ERROR;
				GCC_WARN_UNDECLARED_SELECTOR = YES;
				GCC_WARN_UNINITIALIZED_AUTOS = YES_AGGRESSIVE;
				GCC_WARN_UNUSED_FUNCTION = YES;
				GCC_WARN_UNUSED_VARIABLE = YES;
				IPHONEOS_DEPLOYMENT_TARGET = 17.2;
				LOCALIZATION_PREFERS_STRING_CATALOGS = YES;
				MTL_ENABLE_DEBUG_INFO = NO;
				MTL_FAST_MATH = YES;
				SDKROOT = iphoneos;
				SWIFT_COMPILATION_MODE = wholemodule;
				VALIDATE_PRODUCT = YES;
			};
			name = Release;
		};
		24BCCE5E2BA2EDEE004957A4 /* Debug */ = {
			isa = XCBuildConfiguration;
			buildSettings = {
				ASSETCATALOG_COMPILER_APPICON_NAME = AppIcon;
				ASSETCATALOG_COMPILER_GLOBAL_ACCENT_COLOR_NAME = AccentColor;
				CODE_SIGN_STYLE = Automatic;
				CURRENT_PROJECT_VERSION = 1;
				DEVELOPMENT_ASSET_PATHS = "\"HydrationTracker/Preview Content\"";
				DEVELOPMENT_TEAM = DJ4HTA4RKP;
				ENABLE_PREVIEWS = YES;
				GENERATE_INFOPLIST_FILE = YES;
				INFOPLIST_KEY_UIApplicationSceneManifest_Generation = YES;
				INFOPLIST_KEY_UIApplicationSupportsIndirectInputEvents = YES;
				INFOPLIST_KEY_UILaunchScreen_Generation = YES;
				INFOPLIST_KEY_UISupportedInterfaceOrientations_iPad = "UIInterfaceOrientationPortrait UIInterfaceOrientationPortraitUpsideDown UIInterfaceOrientationLandscapeLeft UIInterfaceOrientationLandscapeRight";
				INFOPLIST_KEY_UISupportedInterfaceOrientations_iPhone = "UIInterfaceOrientationPortrait UIInterfaceOrientationLandscapeLeft UIInterfaceOrientationLandscapeRight";
				LD_RUNPATH_SEARCH_PATHS = (
					"$(inherited)",
					"@executable_path/Frameworks",
				);
				MARKETING_VERSION = 1.0;
				PRODUCT_BUNDLE_IDENTIFIER = "com.venki-nyamagoudar.HydrationTracker";
				PRODUCT_NAME = "$(TARGET_NAME)";
				SWIFT_EMIT_LOC_STRINGS = YES;
				SWIFT_VERSION = 5.0;
				TARGETED_DEVICE_FAMILY = "1,2";
			};
			name = Debug;
		};
		24BCCE5F2BA2EDEE004957A4 /* Release */ = {
			isa = XCBuildConfiguration;
			buildSettings = {
				ASSETCATALOG_COMPILER_APPICON_NAME = AppIcon;
				ASSETCATALOG_COMPILER_GLOBAL_ACCENT_COLOR_NAME = AccentColor;
				CODE_SIGN_STYLE = Automatic;
				CURRENT_PROJECT_VERSION = 1;
				DEVELOPMENT_ASSET_PATHS = "\"HydrationTracker/Preview Content\"";
				DEVELOPMENT_TEAM = DJ4HTA4RKP;
				ENABLE_PREVIEWS = YES;
				GENERATE_INFOPLIST_FILE = YES;
				INFOPLIST_KEY_UIApplicationSceneManifest_Generation = YES;
				INFOPLIST_KEY_UIApplicationSupportsIndirectInputEvents = YES;
				INFOPLIST_KEY_UILaunchScreen_Generation = YES;
				INFOPLIST_KEY_UISupportedInterfaceOrientations_iPad = "UIInterfaceOrientationPortrait UIInterfaceOrientationPortraitUpsideDown UIInterfaceOrientationLandscapeLeft UIInterfaceOrientationLandscapeRight";
				INFOPLIST_KEY_UISupportedInterfaceOrientations_iPhone = "UIInterfaceOrientationPortrait UIInterfaceOrientationLandscapeLeft UIInterfaceOrientationLandscapeRight";
				LD_RUNPATH_SEARCH_PATHS = (
					"$(inherited)",
					"@executable_path/Frameworks",
				);
				MARKETING_VERSION = 1.0;
				PRODUCT_BUNDLE_IDENTIFIER = "com.venki-nyamagoudar.HydrationTracker";
				PRODUCT_NAME = "$(TARGET_NAME)";
				SWIFT_EMIT_LOC_STRINGS = YES;
				SWIFT_VERSION = 5.0;
				TARGETED_DEVICE_FAMILY = "1,2";
			};
			name = Release;
		};
		24BCCE612BA2EDEE004957A4 /* Debug */ = {
			isa = XCBuildConfiguration;
			buildSettings = {
				ALWAYS_EMBED_SWIFT_STANDARD_LIBRARIES = YES;
				BUNDLE_LOADER = "$(TEST_HOST)";
				CODE_SIGN_STYLE = Automatic;
				CURRENT_PROJECT_VERSION = 1;
				DEVELOPMENT_TEAM = DJ4HTA4RKP;
				GENERATE_INFOPLIST_FILE = YES;
				IPHONEOS_DEPLOYMENT_TARGET = 17.2;
				MARKETING_VERSION = 1.0;
				PRODUCT_BUNDLE_IDENTIFIER = "com.venki-nyamagoudar.HydrationTrackerTests";
				PRODUCT_NAME = "$(TARGET_NAME)";
				SWIFT_EMIT_LOC_STRINGS = NO;
				SWIFT_VERSION = 5.0;
				TARGETED_DEVICE_FAMILY = "1,2";
				TEST_HOST = "$(BUILT_PRODUCTS_DIR)/HydrationTracker.app/$(BUNDLE_EXECUTABLE_FOLDER_PATH)/HydrationTracker";
			};
			name = Debug;
		};
		24BCCE622BA2EDEE004957A4 /* Release */ = {
			isa = XCBuildConfiguration;
			buildSettings = {
				ALWAYS_EMBED_SWIFT_STANDARD_LIBRARIES = YES;
				BUNDLE_LOADER = "$(TEST_HOST)";
				CODE_SIGN_STYLE = Automatic;
				CURRENT_PROJECT_VERSION = 1;
				DEVELOPMENT_TEAM = DJ4HTA4RKP;
				GENERATE_INFOPLIST_FILE = YES;
				IPHONEOS_DEPLOYMENT_TARGET = 17.2;
				MARKETING_VERSION = 1.0;
				PRODUCT_BUNDLE_IDENTIFIER = "com.venki-nyamagoudar.HydrationTrackerTests";
				PRODUCT_NAME = "$(TARGET_NAME)";
				SWIFT_EMIT_LOC_STRINGS = NO;
				SWIFT_VERSION = 5.0;
				TARGETED_DEVICE_FAMILY = "1,2";
				TEST_HOST = "$(BUILT_PRODUCTS_DIR)/HydrationTracker.app/$(BUNDLE_EXECUTABLE_FOLDER_PATH)/HydrationTracker";
			};
			name = Release;
		};
		24BCCE642BA2EDEE004957A4 /* Debug */ = {
			isa = XCBuildConfiguration;
			buildSettings = {
				ALWAYS_EMBED_SWIFT_STANDARD_LIBRARIES = YES;
				CODE_SIGN_STYLE = Automatic;
				CURRENT_PROJECT_VERSION = 1;
				DEVELOPMENT_TEAM = DJ4HTA4RKP;
				GENERATE_INFOPLIST_FILE = YES;
				MARKETING_VERSION = 1.0;
				PRODUCT_BUNDLE_IDENTIFIER = "com.venki-nyamagoudar.HydrationTrackerUITests";
				PRODUCT_NAME = "$(TARGET_NAME)";
				SWIFT_EMIT_LOC_STRINGS = NO;
				SWIFT_VERSION = 5.0;
				TARGETED_DEVICE_FAMILY = "1,2";
				TEST_TARGET_NAME = HydrationTracker;
			};
			name = Debug;
		};
		24BCCE652BA2EDEE004957A4 /* Release */ = {
			isa = XCBuildConfiguration;
			buildSettings = {
				ALWAYS_EMBED_SWIFT_STANDARD_LIBRARIES = YES;
				CODE_SIGN_STYLE = Automatic;
				CURRENT_PROJECT_VERSION = 1;
				DEVELOPMENT_TEAM = DJ4HTA4RKP;
				GENERATE_INFOPLIST_FILE = YES;
				MARKETING_VERSION = 1.0;
				PRODUCT_BUNDLE_IDENTIFIER = "com.venki-nyamagoudar.HydrationTrackerUITests";
				PRODUCT_NAME = "$(TARGET_NAME)";
				SWIFT_EMIT_LOC_STRINGS = NO;
				SWIFT_VERSION = 5.0;
				TARGETED_DEVICE_FAMILY = "1,2";
				TEST_TARGET_NAME = HydrationTracker;
			};
			name = Release;
		};
/* End XCBuildConfiguration section */

/* Begin XCConfigurationList section */
		24BCCE342BA2EDEC004957A4 /* Build configuration list for PBXProject "HydrationTracker" */ = {
			isa = XCConfigurationList;
			buildConfigurations = (
				24BCCE5B2BA2EDEE004957A4 /* Debug */,
				24BCCE5C2BA2EDEE004957A4 /* Release */,
			);
			defaultConfigurationIsVisible = 0;
			defaultConfigurationName = Release;
		};
		24BCCE5D2BA2EDEE004957A4 /* Build configuration list for PBXNativeTarget "HydrationTracker" */ = {
			isa = XCConfigurationList;
			buildConfigurations = (
				24BCCE5E2BA2EDEE004957A4 /* Debug */,
				24BCCE5F2BA2EDEE004957A4 /* Release */,
			);
			defaultConfigurationIsVisible = 0;
			defaultConfigurationName = Release;
		};
		24BCCE602BA2EDEE004957A4 /* Build configuration list for PBXNativeTarget "HydrationTrackerTests" */ = {
			isa = XCConfigurationList;
			buildConfigurations = (
				24BCCE612BA2EDEE004957A4 /* Debug */,
				24BCCE622BA2EDEE004957A4 /* Release */,
			);
			defaultConfigurationIsVisible = 0;
			defaultConfigurationName = Release;
		};
		24BCCE632BA2EDEE004957A4 /* Build configuration list for PBXNativeTarget "HydrationTrackerUITests" */ = {
			isa = XCConfigurationList;
			buildConfigurations = (
				24BCCE642BA2EDEE004957A4 /* Debug */,
				24BCCE652BA2EDEE004957A4 /* Release */,
			);
			defaultConfigurationIsVisible = 0;
			defaultConfigurationName = Release;
		};
/* End XCConfigurationList section */

/* Begin XCRemoteSwiftPackageReference section */
		24DC0DF42BA89C5F0055FCA0 /* XCRemoteSwiftPackageReference "lottie-ios" */ = {
			isa = XCRemoteSwiftPackageReference;
			repositoryURL = "https://github.com/airbnb/lottie-ios";
			requirement = {
				kind = upToNextMajorVersion;
				minimumVersion = 4.4.1;
			};
		};
/* End XCRemoteSwiftPackageReference section */

/* Begin XCSwiftPackageProductDependency section */
		24DC0DF52BA89C5F0055FCA0 /* Lottie */ = {
			isa = XCSwiftPackageProductDependency;
			package = 24DC0DF42BA89C5F0055FCA0 /* XCRemoteSwiftPackageReference "lottie-ios" */;
			productName = Lottie;
		};
/* End XCSwiftPackageProductDependency section */

/* Begin XCVersionGroup section */
		24C823222BA815F300F23153 /* HydrationModel.xcdatamodeld */ = {
			isa = XCVersionGroup;
			children = (
				24C823232BA815F300F23153 /* HydrationModel.xcdatamodel */,
			);
			currentVersion = 24C823232BA815F300F23153 /* HydrationModel.xcdatamodel */;
			path = HydrationModel.xcdatamodeld;
			sourceTree = "<group>";
			versionGroupType = wrapper.xcdatamodel;
		};
/* End XCVersionGroup section */
	};
	rootObject = 24BCCE312BA2EDEC004957A4 /* Project object */;
}
